
Microsoft Visual Studio Solution File, Format Version 12.00
# Visual Studio Version 17
VisualStudioVersion = 17.5.33530.505
MinimumVisualStudioVersion = 10.0.40219.1
Project("{9A19103F-16F7-4668-BE54-9A1E7A4F7556}") = "DotnetStlViewer", "DotnetStlViewer\DotnetStlViewer.csproj", "{53BAE30C-6E7D-4B80-AAD5-7F5A2095840E}"
EndProject
Global
	GlobalSection(SolutionConfigurationPlatforms) = preSolution
		Debug|Any CPU = Debug|Any CPU
		Release|Any CPU = Release|Any CPU
	EndGlobalSection
	GlobalSection(ProjectConfigurationPlatforms) = postSolution
		{53BAE30C-6E7D-4B80-AAD5-7F5A2095840E}.Debug|Any CPU.ActiveCfg = Debug|Any CPU
		{53BAE30C-6E7D-4B80-AAD5-7F5A2095840E}.Debug|Any CPU.Build.0 = Debug|Any CPU
		{53BAE30C-6E7D-4B80-AAD5-7F5A2095840E}.Release|Any CPU.ActiveCfg = Release|Any CPU
		{53BAE30C-6E7D-4B80-AAD5-7F5A2095840E}.Release|Any CPU.Build.0 = Release|Any CPU
	EndGlobalSection
	GlobalSection(SolutionProperties) = preSolution
		HideSolutionNode = FALSE
	EndGlobalSection
	GlobalSection(ExtensibilityGlobals) = postSolution
		SolutionGuid = {67F44A50-D6CF-4CA7-8C16-4A9D76738A8B}
	EndGlobalSection
EndGlobal
